
Microsoft Visual Studio Solution File, Format Version 12.00
# Visual Studio Version 17
VisualStudioVersion = 17.5.002.0
MinimumVisualStudioVersion = 10.0.40219.1
Project("{9A19103F-16F7-4668-BE54-9A1E7A4F7556}") = "spworlds", "src\spworlds.csproj", "{9021649B-BD6F-4345-98B5-C444212798DD}"
EndProject
Global
	GlobalSection(SolutionConfigurationPlatforms) = preSolution
		Debug|Any CPU = Debug|Any CPU
		Release|Any CPU = Release|Any CPU
	EndGlobalSection
	GlobalSection(ProjectConfigurationPlatforms) = postSolution
		{9021649B-BD6F-4345-98B5-C444212798DD}.Debug|Any CPU.ActiveCfg = Debug|Any CPU
		{9021649B-BD6F-4345-98B5-C444212798DD}.Debug|Any CPU.Build.0 = Debug|Any CPU
		{9021649B-BD6F-4345-98B5-C444212798DD}.Release|Any CPU.ActiveCfg = Release|Any CPU
		{9021649B-BD6F-4345-98B5-C444212798DD}.Release|Any CPU.Build.0 = Release|Any CPU
	EndGlobalSection
	GlobalSection(SolutionProperties) = preSolution
		HideSolutionNode = FALSE
	EndGlobalSection
	GlobalSection(ExtensibilityGlobals) = postSolution
		SolutionGuid = {EBAB5784-4D28-4830-AB69-BC3ECE2D13CD}
	EndGlobalSection
EndGlobal
